
Microsoft Visual Studio Solution File, Format Version 12.00
# Visual Studio 15
VisualStudioVersion = 15.0.26430.16
MinimumVisualStudioVersion = 10.0.40219.1
Project("{FAE04EC0-301F-11D3-BF4B-00C04F79EFBC}") = "Security.Command", "Security.Command\Security.Command.csproj", "{DB0A5612-9572-4FBC-A990-A50C7CF68C9F}"
EndProject
Project("{FAE04EC0-301F-11D3-BF4B-00C04F79EFBC}") = "Security.Data", "Security.Data\Security.Data.csproj", "{49422822-1A5B-4A3A-9E40-615CC2B17BF8}"
EndProject
Project("{FAE04EC0-301F-11D3-BF4B-00C04F79EFBC}") = "Security.Strategy", "Security.Strategy\Security.Strategy.csproj", "{A99EA8EC-C652-4D06-937E-B83AFA088750}"
EndProject
Project("{FAE04EC0-301F-11D3-BF4B-00C04F79EFBC}") = "Security.Trade", "Security.Trade\Security.Trade.csproj", "{8BCB6228-BD0A-4BBB-A0C4-D79931340826}"
EndProject
Project("{FAE04EC0-301F-11D3-BF4B-00C04F79EFBC}") = "Security.Strategy.Alpha", "Security.Strategy.Alpha4\Security.Strategy.Alpha.csproj", "{53351C44-6AF9-40CE-8D19-B25D1EAB3265}"
EndProject
Project("{FAE04EC0-301F-11D3-BF4B-00C04F79EFBC}") = "Security.Alpha4.Backtest", "Security.Alpha4.Backtest\Security.Alpha4.Backtest.csproj", "{C8853E80-CA77-4366-8100-722622BC6AC6}"
EndProject
Project("{FAE04EC0-301F-11D3-BF4B-00C04F79EFBC}") = "Security.Alpha.Test", "Security.Alpha4.Test\Security.Alpha.Test.csproj", "{4C2381CB-EC15-40F4-8253-5C30AE3C463E}"
EndProject
Project("{FAE04EC0-301F-11D3-BF4B-00C04F79EFBC}") = "Security.Alpha.Application", "Security.Alpha.Application\Security.Alpha.Application.csproj", "{59FED89D-33FD-4203-BDCD-98EEBBB1BAD2}"
EndProject
Project("{FAE04EC0-301F-11D3-BF4B-00C04F79EFBC}") = "Security.Import", "Security.Import\Security.Import.csproj", "{D875DA73-9564-464E-A4AE-293CF07F09CE}"
EndProject
Project("{FAE04EC0-301F-11D3-BF4B-00C04F79EFBC}") = "Utility", "Utility\Utility.csproj", "{2283784A-04E5-4E13-B147-40EE6D829304}"
EndProject
Global
	GlobalSection(SolutionConfigurationPlatforms) = preSolution
		Debug|Any CPU = Debug|Any CPU
		Debug|ARM = Debug|ARM
		Debug|x64 = Debug|x64
		Debug|x86 = Debug|x86
		Release|Any CPU = Release|Any CPU
		Release|ARM = Release|ARM
		Release|x64 = Release|x64
		Release|x86 = Release|x86
	EndGlobalSection
	GlobalSection(ProjectConfigurationPlatforms) = postSolution
		{DB0A5612-9572-4FBC-A990-A50C7CF68C9F}.Debug|Any CPU.ActiveCfg = Debug|Any CPU
		{DB0A5612-9572-4FBC-A990-A50C7CF68C9F}.Debug|Any CPU.Build.0 = Debug|Any CPU
		{DB0A5612-9572-4FBC-A990-A50C7CF68C9F}.Debug|ARM.ActiveCfg = Debug|Any CPU
		{DB0A5612-9572-4FBC-A990-A50C7CF68C9F}.Debug|ARM.Build.0 = Debug|Any CPU
		{DB0A5612-9572-4FBC-A990-A50C7CF68C9F}.Debug|x64.ActiveCfg = Debug|Any CPU
		{DB0A5612-9572-4FBC-A990-A50C7CF68C9F}.Debug|x64.Build.0 = Debug|Any CPU
		{DB0A5612-9572-4FBC-A990-A50C7CF68C9F}.Debug|x86.ActiveCfg = Debug|Any CPU
		{DB0A5612-9572-4FBC-A990-A50C7CF68C9F}.Debug|x86.Build.0 = Debug|Any CPU
		{DB0A5612-9572-4FBC-A990-A50C7CF68C9F}.Release|Any CPU.ActiveCfg = Release|Any CPU
		{DB0A5612-9572-4FBC-A990-A50C7CF68C9F}.Release|Any CPU.Build.0 = Release|Any CPU
		{DB0A5612-9572-4FBC-A990-A50C7CF68C9F}.Release|ARM.ActiveCfg = Release|Any CPU
		{DB0A5612-9572-4FBC-A990-A50C7CF68C9F}.Release|ARM.Build.0 = Release|Any CPU
		{DB0A5612-9572-4FBC-A990-A50C7CF68C9F}.Release|x64.ActiveCfg = Release|Any CPU
		{DB0A5612-9572-4FBC-A990-A50C7CF68C9F}.Release|x64.Build.0 = Release|Any CPU
		{DB0A5612-9572-4FBC-A990-A50C7CF68C9F}.Release|x86.ActiveCfg = Release|Any CPU
		{DB0A5612-9572-4FBC-A990-A50C7CF68C9F}.Release|x86.Build.0 = Release|Any CPU
		{49422822-1A5B-4A3A-9E40-615CC2B17BF8}.Debug|Any CPU.ActiveCfg = Debug|Any CPU
		{49422822-1A5B-4A3A-9E40-615CC2B17BF8}.Debug|Any CPU.Build.0 = Debug|Any CPU
		{49422822-1A5B-4A3A-9E40-615CC2B17BF8}.Debug|ARM.ActiveCfg = Debug|Any CPU
		{49422822-1A5B-4A3A-9E40-615CC2B17BF8}.Debug|ARM.Build.0 = Debug|Any CPU
		{49422822-1A5B-4A3A-9E40-615CC2B17BF8}.Debug|x64.ActiveCfg = Debug|Any CPU
		{49422822-1A5B-4A3A-9E40-615CC2B17BF8}.Debug|x64.Build.0 = Debug|Any CPU
		{49422822-1A5B-4A3A-9E40-615CC2B17BF8}.Debug|x86.ActiveCfg = Debug|Any CPU
		{49422822-1A5B-4A3A-9E40-615CC2B17BF8}.Debug|x86.Build.0 = Debug|Any CPU
		{49422822-1A5B-4A3A-9E40-615CC2B17BF8}.Release|Any CPU.ActiveCfg = Release|Any CPU
		{49422822-1A5B-4A3A-9E40-615CC2B17BF8}.Release|Any CPU.Build.0 = Release|Any CPU
		{49422822-1A5B-4A3A-9E40-615CC2B17BF8}.Release|ARM.ActiveCfg = Release|Any CPU
		{49422822-1A5B-4A3A-9E40-615CC2B17BF8}.Release|ARM.Build.0 = Release|Any CPU
		{49422822-1A5B-4A3A-9E40-615CC2B17BF8}.Release|x64.ActiveCfg = Release|Any CPU
		{49422822-1A5B-4A3A-9E40-615CC2B17BF8}.Release|x64.Build.0 = Release|Any CPU
		{49422822-1A5B-4A3A-9E40-615CC2B17BF8}.Release|x86.ActiveCfg = Release|Any CPU
		{49422822-1A5B-4A3A-9E40-615CC2B17BF8}.Release|x86.Build.0 = Release|Any CPU
		{A99EA8EC-C652-4D06-937E-B83AFA088750}.Debug|Any CPU.ActiveCfg = Debug|Any CPU
		{A99EA8EC-C652-4D06-937E-B83AFA088750}.Debug|Any CPU.Build.0 = Debug|Any CPU
		{A99EA8EC-C652-4D06-937E-B83AFA088750}.Debug|ARM.ActiveCfg = Debug|Any CPU
		{A99EA8EC-C652-4D06-937E-B83AFA088750}.Debug|ARM.Build.0 = Debug|Any CPU
		{A99EA8EC-C652-4D06-937E-B83AFA088750}.Debug|x64.ActiveCfg = Debug|Any CPU
		{A99EA8EC-C652-4D06-937E-B83AFA088750}.Debug|x64.Build.0 = Debug|Any CPU
		{A99EA8EC-C652-4D06-937E-B83AFA088750}.Debug|x86.ActiveCfg = Debug|Any CPU
		{A99EA8EC-C652-4D06-937E-B83AFA088750}.Debug|x86.Build.0 = Debug|Any CPU
		{A99EA8EC-C652-4D06-937E-B83AFA088750}.Release|Any CPU.ActiveCfg = Release|Any CPU
		{A99EA8EC-C652-4D06-937E-B83AFA088750}.Release|Any CPU.Build.0 = Release|Any CPU
		{A99EA8EC-C652-4D06-937E-B83AFA088750}.Release|ARM.ActiveCfg = Release|Any CPU
		{A99EA8EC-C652-4D06-937E-B83AFA088750}.Release|ARM.Build.0 = Release|Any CPU
		{A99EA8EC-C652-4D06-937E-B83AFA088750}.Release|x64.ActiveCfg = Release|Any CPU
		{A99EA8EC-C652-4D06-937E-B83AFA088750}.Release|x64.Build.0 = Release|Any CPU
		{A99EA8EC-C652-4D06-937E-B83AFA088750}.Release|x86.ActiveCfg = Release|Any CPU
		{A99EA8EC-C652-4D06-937E-B83AFA088750}.Release|x86.Build.0 = Release|Any CPU
		{8BCB6228-BD0A-4BBB-A0C4-D79931340826}.Debug|Any CPU.ActiveCfg = Debug|Any CPU
		{8BCB6228-BD0A-4BBB-A0C4-D79931340826}.Debug|Any CPU.Build.0 = Debug|Any CPU
		{8BCB6228-BD0A-4BBB-A0C4-D79931340826}.Debug|ARM.ActiveCfg = Debug|Any CPU
		{8BCB6228-BD0A-4BBB-A0C4-D79931340826}.Debug|ARM.Build.0 = Debug|Any CPU
		{8BCB6228-BD0A-4BBB-A0C4-D79931340826}.Debug|x64.ActiveCfg = Debug|Any CPU
		{8BCB6228-BD0A-4BBB-A0C4-D79931340826}.Debug|x64.Build.0 = Debug|Any CPU
		{8BCB6228-BD0A-4BBB-A0C4-D79931340826}.Debug|x86.ActiveCfg = Debug|Any CPU
		{8BCB6228-BD0A-4BBB-A0C4-D79931340826}.Debug|x86.Build.0 = Debug|Any CPU
		{8BCB6228-BD0A-4BBB-A0C4-D79931340826}.Release|Any CPU.ActiveCfg = Release|Any CPU
		{8BCB6228-BD0A-4BBB-A0C4-D79931340826}.Release|Any CPU.Build.0 = Release|Any CPU
		{8BCB6228-BD0A-4BBB-A0C4-D79931340826}.Release|ARM.ActiveCfg = Release|Any CPU
		{8BCB6228-BD0A-4BBB-A0C4-D79931340826}.Release|ARM.Build.0 = Release|Any CPU
		{8BCB6228-BD0A-4BBB-A0C4-D79931340826}.Release|x64.ActiveCfg = Release|Any CPU
		{8BCB6228-BD0A-4BBB-A0C4-D79931340826}.Release|x64.Build.0 = Release|Any CPU
		{8BCB6228-BD0A-4BBB-A0C4-D79931340826}.Release|x86.ActiveCfg = Release|Any CPU
		{8BCB6228-BD0A-4BBB-A0C4-D79931340826}.Release|x86.Build.0 = Release|Any CPU
		{53351C44-6AF9-40CE-8D19-B25D1EAB3265}.Debug|Any CPU.ActiveCfg = Debug|Any CPU
		{53351C44-6AF9-40CE-8D19-B25D1EAB3265}.Debug|Any CPU.Build.0 = Debug|Any CPU
		{53351C44-6AF9-40CE-8D19-B25D1EAB3265}.Debug|ARM.ActiveCfg = Debug|Any CPU
		{53351C44-6AF9-40CE-8D19-B25D1EAB3265}.Debug|ARM.Build.0 = Debug|Any CPU
		{53351C44-6AF9-40CE-8D19-B25D1EAB3265}.Debug|x64.ActiveCfg = Debug|Any CPU
		{53351C44-6AF9-40CE-8D19-B25D1EAB3265}.Debug|x64.Build.0 = Debug|Any CPU
		{53351C44-6AF9-40CE-8D19-B25D1EAB3265}.Debug|x86.ActiveCfg = Debug|Any CPU
		{53351C44-6AF9-40CE-8D19-B25D1EAB3265}.Debug|x86.Build.0 = Debug|Any CPU
		{53351C44-6AF9-40CE-8D19-B25D1EAB3265}.Release|Any CPU.ActiveCfg = Release|Any CPU
		{53351C44-6AF9-40CE-8D19-B25D1EAB3265}.Release|Any CPU.Build.0 = Release|Any CPU
		{53351C44-6AF9-40CE-8D19-B25D1EAB3265}.Release|ARM.ActiveCfg = Release|Any CPU
		{53351C44-6AF9-40CE-8D19-B25D1EAB3265}.Release|ARM.Build.0 = Release|Any CPU
		{53351C44-6AF9-40CE-8D19-B25D1EAB3265}.Release|x64.ActiveCfg = Release|Any CPU
		{53351C44-6AF9-40CE-8D19-B25D1EAB3265}.Release|x64.Build.0 = Release|Any CPU
		{53351C44-6AF9-40CE-8D19-B25D1EAB3265}.Release|x86.ActiveCfg = Release|Any CPU
		{53351C44-6AF9-40CE-8D19-B25D1EAB3265}.Release|x86.Build.0 = Release|Any CPU
		{C8853E80-CA77-4366-8100-722622BC6AC6}.Debug|Any CPU.ActiveCfg = Debug|Any CPU
		{C8853E80-CA77-4366-8100-722622BC6AC6}.Debug|Any CPU.Build.0 = Debug|Any CPU
		{C8853E80-CA77-4366-8100-722622BC6AC6}.Debug|ARM.ActiveCfg = Debug|Any CPU
		{C8853E80-CA77-4366-8100-722622BC6AC6}.Debug|ARM.Build.0 = Debug|Any CPU
		{C8853E80-CA77-4366-8100-722622BC6AC6}.Debug|x64.ActiveCfg = Debug|Any CPU
		{C8853E80-CA77-4366-8100-722622BC6AC6}.Debug|x64.Build.0 = Debug|Any CPU
		{C8853E80-CA77-4366-8100-722622BC6AC6}.Debug|x86.ActiveCfg = Debug|Any CPU
		{C8853E80-CA77-4366-8100-722622BC6AC6}.Debug|x86.Build.0 = Debug|Any CPU
		{C8853E80-CA77-4366-8100-722622BC6AC6}.Release|Any CPU.ActiveCfg = Release|Any CPU
		{C8853E80-CA77-4366-8100-722622BC6AC6}.Release|Any CPU.Build.0 = Release|Any CPU
		{C8853E80-CA77-4366-8100-722622BC6AC6}.Release|ARM.ActiveCfg = Release|Any CPU
		{C8853E80-CA77-4366-8100-722622BC6AC6}.Release|ARM.Build.0 = Release|Any CPU
		{C8853E80-CA77-4366-8100-722622BC6AC6}.Release|x64.ActiveCfg = Release|Any CPU
		{C8853E80-CA77-4366-8100-722622BC6AC6}.Release|x64.Build.0 = Release|Any CPU
		{C8853E80-CA77-4366-8100-722622BC6AC6}.Release|x86.ActiveCfg = Release|Any CPU
		{C8853E80-CA77-4366-8100-722622BC6AC6}.Release|x86.Build.0 = Release|Any CPU
		{4C2381CB-EC15-40F4-8253-5C30AE3C463E}.Debug|Any CPU.ActiveCfg = Debug|Any CPU
		{4C2381CB-EC15-40F4-8253-5C30AE3C463E}.Debug|Any CPU.Build.0 = Debug|Any CPU
		{4C2381CB-EC15-40F4-8253-5C30AE3C463E}.Debug|ARM.ActiveCfg = Debug|Any CPU
		{4C2381CB-EC15-40F4-8253-5C30AE3C463E}.Debug|ARM.Build.0 = Debug|Any CPU
		{4C2381CB-EC15-40F4-8253-5C30AE3C463E}.Debug|x64.ActiveCfg = Debug|Any CPU
		{4C2381CB-EC15-40F4-8253-5C30AE3C463E}.Debug|x64.Build.0 = Debug|Any CPU
		{4C2381CB-EC15-40F4-8253-5C30AE3C463E}.Debug|x86.ActiveCfg = Debug|Any CPU
		{4C2381CB-EC15-40F4-8253-5C30AE3C463E}.Debug|x86.Build.0 = Debug|Any CPU
		{4C2381CB-EC15-40F4-8253-5C30AE3C463E}.Release|Any CPU.ActiveCfg = Release|Any CPU
		{4C2381CB-EC15-40F4-8253-5C30AE3C463E}.Release|Any CPU.Build.0 = Release|Any CPU
		{4C2381CB-EC15-40F4-8253-5C30AE3C463E}.Release|ARM.ActiveCfg = Release|Any CPU
		{4C2381CB-EC15-40F4-8253-5C30AE3C463E}.Release|ARM.Build.0 = Release|Any CPU
		{4C2381CB-EC15-40F4-8253-5C30AE3C463E}.Release|x64.ActiveCfg = Release|Any CPU
		{4C2381CB-EC15-40F4-8253-5C30AE3C463E}.Release|x64.Build.0 = Release|Any CPU
		{4C2381CB-EC15-40F4-8253-5C30AE3C463E}.Release|x86.ActiveCfg = Release|Any CPU
		{4C2381CB-EC15-40F4-8253-5C30AE3C463E}.Release|x86.Build.0 = Release|Any CPU
		{59FED89D-33FD-4203-BDCD-98EEBBB1BAD2}.Debug|Any CPU.ActiveCfg = Debug|Any CPU
		{59FED89D-33FD-4203-BDCD-98EEBBB1BAD2}.Debug|Any CPU.Build.0 = Debug|Any CPU
		{59FED89D-33FD-4203-BDCD-98EEBBB1BAD2}.Debug|ARM.ActiveCfg = Debug|Any CPU
		{59FED89D-33FD-4203-BDCD-98EEBBB1BAD2}.Debug|ARM.Build.0 = Debug|Any CPU
		{59FED89D-33FD-4203-BDCD-98EEBBB1BAD2}.Debug|x64.ActiveCfg = Debug|Any CPU
		{59FED89D-33FD-4203-BDCD-98EEBBB1BAD2}.Debug|x64.Build.0 = Debug|Any CPU
		{59FED89D-33FD-4203-BDCD-98EEBBB1BAD2}.Debug|x86.ActiveCfg = Debug|Any CPU
		{59FED89D-33FD-4203-BDCD-98EEBBB1BAD2}.Debug|x86.Build.0 = Debug|Any CPU
		{59FED89D-33FD-4203-BDCD-98EEBBB1BAD2}.Release|Any CPU.ActiveCfg = Release|Any CPU
		{59FED89D-33FD-4203-BDCD-98EEBBB1BAD2}.Release|Any CPU.Build.0 = Release|Any CPU
		{59FED89D-33FD-4203-BDCD-98EEBBB1BAD2}.Release|ARM.ActiveCfg = Release|Any CPU
		{59FED89D-33FD-4203-BDCD-98EEBBB1BAD2}.Release|ARM.Build.0 = Release|Any CPU
		{59FED89D-33FD-4203-BDCD-98EEBBB1BAD2}.Release|x64.ActiveCfg = Release|Any CPU
		{59FED89D-33FD-4203-BDCD-98EEBBB1BAD2}.Release|x64.Build.0 = Release|Any CPU
		{59FED89D-33FD-4203-BDCD-98EEBBB1BAD2}.Release|x86.ActiveCfg = Release|Any CPU
		{59FED89D-33FD-4203-BDCD-98EEBBB1BAD2}.Release|x86.Build.0 = Release|Any CPU
		{D875DA73-9564-464E-A4AE-293CF07F09CE}.Debug|Any CPU.ActiveCfg = Debug|Any CPU
		{D875DA73-9564-464E-A4AE-293CF07F09CE}.Debug|Any CPU.Build.0 = Debug|Any CPU
		{D875DA73-9564-464E-A4AE-293CF07F09CE}.Debug|ARM.ActiveCfg = Debug|Any CPU
		{D875DA73-9564-464E-A4AE-293CF07F09CE}.Debug|ARM.Build.0 = Debug|Any CPU
		{D875DA73-9564-464E-A4AE-293CF07F09CE}.Debug|x64.ActiveCfg = Debug|Any CPU
		{D875DA73-9564-464E-A4AE-293CF07F09CE}.Debug|x64.Build.0 = Debug|Any CPU
		{D875DA73-9564-464E-A4AE-293CF07F09CE}.Debug|x86.ActiveCfg = Debug|Any CPU
		{D875DA73-9564-464E-A4AE-293CF07F09CE}.Debug|x86.Build.0 = Debug|Any CPU
		{D875DA73-9564-464E-A4AE-293CF07F09CE}.Release|Any CPU.ActiveCfg = Release|Any CPU
		{D875DA73-9564-464E-A4AE-293CF07F09CE}.Release|Any CPU.Build.0 = Release|Any CPU
		{D875DA73-9564-464E-A4AE-293CF07F09CE}.Release|ARM.ActiveCfg = Release|Any CPU
		{D875DA73-9564-464E-A4AE-293CF07F09CE}.Release|ARM.Build.0 = Release|Any CPU
		{D875DA73-9564-464E-A4AE-293CF07F09CE}.Release|x64.ActiveCfg = Release|Any CPU
		{D875DA73-9564-464E-A4AE-293CF07F09CE}.Release|x64.Build.0 = Release|Any CPU
		{D875DA73-9564-464E-A4AE-293CF07F09CE}.Release|x86.ActiveCfg = Release|Any CPU
		{D875DA73-9564-464E-A4AE-293CF07F09CE}.Release|x86.Build.0 = Release|Any CPU
		{2283784A-04E5-4E13-B147-40EE6D829304}.Debug|Any CPU.ActiveCfg = Debug|Any CPU
		{2283784A-04E5-4E13-B147-40EE6D829304}.Debug|Any CPU.Build.0 = Debug|Any CPU
		{2283784A-04E5-4E13-B147-40EE6D829304}.Debug|ARM.ActiveCfg = Debug|Any CPU
		{2283784A-04E5-4E13-B147-40EE6D829304}.Debug|ARM.Build.0 = Debug|Any CPU
		{2283784A-04E5-4E13-B147-40EE6D829304}.Debug|x64.ActiveCfg = Debug|Any CPU
		{2283784A-04E5-4E13-B147-40EE6D829304}.Debug|x64.Build.0 = Debug|Any CPU
		{2283784A-04E5-4E13-B147-40EE6D829304}.Debug|x86.ActiveCfg = Debug|Any CPU
		{2283784A-04E5-4E13-B147-40EE6D829304}.Debug|x86.Build.0 = Debug|Any CPU
		{2283784A-04E5-4E13-B147-40EE6D829304}.Release|Any CPU.ActiveCfg = Release|Any CPU
		{2283784A-04E5-4E13-B147-40EE6D829304}.Release|Any CPU.Build.0 = Release|Any CPU
		{2283784A-04E5-4E13-B147-40EE6D829304}.Release|ARM.ActiveCfg = Release|Any CPU
		{2283784A-04E5-4E13-B147-40EE6D829304}.Release|ARM.Build.0 = Release|Any CPU
		{2283784A-04E5-4E13-B147-40EE6D829304}.Release|x64.ActiveCfg = Release|Any CPU
		{2283784A-04E5-4E13-B147-40EE6D829304}.Release|x64.Build.0 = Release|Any CPU
		{2283784A-04E5-4E13-B147-40EE6D829304}.Release|x86.ActiveCfg = Release|Any CPU
		{2283784A-04E5-4E13-B147-40EE6D829304}.Release|x86.Build.0 = Release|Any CPU
	EndGlobalSection
	GlobalSection(SolutionProperties) = preSolution
		HideSolutionNode = FALSE
	EndGlobalSection
	GlobalSection(Performance) = preSolution
		HasPerformanceSessions = true
	EndGlobalSection
EndGlobal
